// !$*UTF8*$!
{
	archiveVersion = 1;
	classes = {
	};
	objectVersion = 46;
	objects = {

/* Begin PBXBuildFile section */
		D91052381EE5C741006E30B9 /* AppDelegate.swift in Sources */ = {isa = PBXBuildFile; fileRef = D91052371EE5C741006E30B9 /* AppDelegate.swift */; };
		D910523A1EE5C741006E30B9 /* ViewController.swift in Sources */ = {isa = PBXBuildFile; fileRef = D91052391EE5C741006E30B9 /* ViewController.swift */; };
		D910523D1EE5C741006E30B9 /* Main.storyboard in Resources */ = {isa = PBXBuildFile; fileRef = D910523B1EE5C741006E30B9 /* Main.storyboard */; };
		D910523F1EE5C741006E30B9 /* Assets.xcassets in Resources */ = {isa = PBXBuildFile; fileRef = D910523E1EE5C741006E30B9 /* Assets.xcassets */; };
		D91052421EE5C741006E30B9 /* LaunchScreen.storyboard in Resources */ = {isa = PBXBuildFile; fileRef = D91052401EE5C741006E30B9 /* LaunchScreen.storyboard */; };
/* End PBXBuildFile section */

/* Begin PBXFileReference section */
		D91052341EE5C741006E30B9 /* SaveTheKittensButNotTheUglyOnes.app */ = {isa = PBXFileReference; explicitFileType = wrapper.application; includeInIndex = 0; path = SaveTheKittensButNotTheUglyOnes.app; sourceTree = BUILT_PRODUCTS_DIR; };
		D91052371EE5C741006E30B9 /* AppDelegate.swift */ = {isa = PBXFileReference; lastKnownFileType = sourcecode.swift; path = AppDelegate.swift; sourceTree = "<group>"; };
		D91052391EE5C741006E30B9 /* ViewController.swift */ = {isa = PBXFileReference; lastKnownFileType = sourcecode.swift; path = ViewController.swift; sourceTree = "<group>"; };
		D910523C1EE5C741006E30B9 /* Base */ = {isa = PBXFileReference; lastKnownFileType = file.storyboard; name = Base; path = Base.lproj/Main.storyboard; sourceTree = "<group>"; };
		D910523E1EE5C741006E30B9 /* Assets.xcassets */ = {isa = PBXFileReference; lastKnownFileType = folder.assetcatalog; path = Assets.xcassets; sourceTree = "<group>"; };
		D91052411EE5C741006E30B9 /* Base */ = {isa = PBXFileReference; lastKnownFileType = file.storyboard; name = Base; path = Base.lproj/LaunchScreen.storyboard; sourceTree = "<group>"; };
		D91052431EE5C741006E30B9 /* Info.plist */ = {isa = PBXFileReference; lastKnownFileType = text.plist.xml; path = Info.plist; sourceTree = "<group>"; };
/* End PBXFileReference section */

/* Begin PBXFrameworksBuildPhase section */
		D91052311EE5C741006E30B9 /* Frameworks */ = {
			isa = PBXFrameworksBuildPhase;
			buildActionMask = 2147483647;
			files = (
			);
			runOnlyForDeploymentPostprocessing = 0;
		};
/* End PBXFrameworksBuildPhase section */

/* Begin PBXGroup section */
		D910522B1EE5C741006E30B9 = {
			isa = PBXGroup;
			children = (
				D91052361EE5C741006E30B9 /* SaveTheKittensButNotTheUglyOnes */,
				D91052351EE5C741006E30B9 /* Products */,
			);
			sourceTree = "<group>";
		};
		D91052351EE5C741006E30B9 /* Products */ = {
			isa = PBXGroup;
			children = (
				D91052341EE5C741006E30B9 /* SaveTheKittensButNotTheUglyOnes.app */,
			);
			name = Products;
			sourceTree = "<group>";
		};
		D91052361EE5C741006E30B9 /* SaveTheKittensButNotTheUglyOnes */ = {
			isa = PBXGroup;
			children = (
				D91052371EE5C741006E30B9 /* AppDelegate.swift */,
				D91052391EE5C741006E30B9 /* ViewController.swift */,
				D910523B1EE5C741006E30B9 /* Main.storyboard */,
				D910523E1EE5C741006E30B9 /* Assets.xcassets */,
				D91052401EE5C741006E30B9 /* LaunchScreen.storyboard */,
				D91052431EE5C741006E30B9 /* Info.plist */,
			);
			path = SaveTheKittensButNotTheUglyOnes;
			sourceTree = "<group>";
		};
/* End PBXGroup section */

/* Begin PBXNativeTarget section */
		D91052331EE5C741006E30B9 /* SaveTheKittensButNotTheUglyOnes */ = {
			isa = PBXNativeTarget;
			buildConfigurationList = D91052461EE5C741006E30B9 /* Build configuration list for PBXNativeTarget "SaveTheKittensButNotTheUglyOnes" */;
			buildPhases = (
				D91052301EE5C741006E30B9 /* Sources */,
				D91052311EE5C741006E30B9 /* Frameworks */,
				D91052321EE5C741006E30B9 /* Resources */,
			);
			buildRules = (
			);
			dependencies = (
			);
			name = SaveTheKittensButNotTheUglyOnes;
			productName = SaveTheKittensButNotTheUglyOnes;
			productReference = D91052341EE5C741006E30B9 /* SaveTheKittensButNotTheUglyOnes.app */;
			productType = "com.apple.product-type.application";
		};
/* End PBXNativeTarget section */

/* Begin PBXProject section */
		D910522C1EE5C741006E30B9 /* Project object */ = {
			isa = PBXProject;
			attributes = {
				LastSwiftUpdateCheck = 0820;
				LastUpgradeCheck = 0820;
				ORGANIZATIONNAME = "Jan Benedict Magnait";
				TargetAttributes = {
					D91052331EE5C741006E30B9 = {
						CreatedOnToolsVersion = 8.2.1;
						ProvisioningStyle = Automatic;
					};
				};
			};
			buildConfigurationList = D910522F1EE5C741006E30B9 /* Build configuration list for PBXProject "SaveTheKittensButNotTheUglyOnes" */;
			compatibilityVersion = "Xcode 3.2";
			developmentRegion = English;
			hasScannedForEncodings = 0;
			knownRegions = (
				en,
				Base,
			);
			mainGroup = D910522B1EE5C741006E30B9;
			productRefGroup = D91052351EE5C741006E30B9 /* Products */;
			projectDirPath = "";
			projectRoot = "";
			targets = (
				D91052331EE5C741006E30B9 /* SaveTheKittensButNotTheUglyOnes */,
			);
		};
/* End PBXProject section */

/* Begin PBXResourcesBuildPhase section */
		D91052321EE5C741006E30B9 /* Resources */ = {
			isa = PBXResourcesBuildPhase;
			buildActionMask = 2147483647;
			files = (
				D91052421EE5C741006E30B9 /* LaunchScreen.storyboard in Resources */,
				D910523F1EE5C741006E30B9 /* Assets.xcassets in Resources */,
				D910523D1EE5C741006E30B9 /* Main.storyboard in Resources */,
			);
			runOnlyForDeploymentPostprocessing = 0;
		};
/* End PBXResourcesBuildPhase section */

/* Begin PBXSourcesBuildPhase section */
		D91052301EE5C741006E30B9 /* Sources */ = {
			isa = PBXSourcesBuildPhase;
			buildActionMask = 2147483647;
			files = (
				D910523A1EE5C741006E30B9 /* ViewController.swift in Sources */,
				D91052381EE5C741006E30B9 /* AppDelegate.swift in Sources */,
			);
			runOnlyForDeploymentPostprocessing = 0;
		};
/* End PBXSourcesBuildPhase section */

/* Begin PBXVariantGroup section */
		D910523B1EE5C741006E30B9 /* Main.storyboard */ = {
			isa = PBXVariantGroup;
			children = (
				D910523C1EE5C741006E30B9 /* Base */,
			);
			name = Main.storyboard;
			sourceTree = "<group>";
		};
		D91052401EE5C741006E30B9 /* LaunchScreen.storyboard */ = {
			isa = PBXVariantGroup;
			children = (
				D91052411EE5C741006E30B9 /* Base */,
			);
			name = LaunchScreen.storyboard;
			sourceTree = "<group>";
		};
/* End PBXVariantGroup section */

/* Begin XCBuildConfiguration section */
		D91052441EE5C741006E30B9 /* Debug */ = {
			isa = XCBuildConfiguration;
			buildSettings = {
				ALWAYS_SEARCH_USER_PATHS = NO;
				CLANG_ANALYZER_NONNULL = YES;
				CLANG_CXX_LANGUAGE_STANDARD = "gnu++0x";
				CLANG_CXX_LIBRARY = "libc++";
				CLANG_ENABLE_MODULES = YES;
				CLANG_ENABLE_OBJC_ARC = YES;
				CLANG_WARN_BOOL_CONVERSION = YES;
				CLANG_WARN_CONSTANT_CONVERSION = YES;
				CLANG_WARN_DIRECT_OBJC_ISA_USAGE = YES_ERROR;
				CLANG_WARN_DOCUMENTATION_COMMENTS = YES;
				CLANG_WARN_EMPTY_BODY = YES;
				CLANG_WARN_ENUM_CONVERSION = YES;
				CLANG_WARN_INFINITE_RECURSION = YES;
				CLANG_WARN_INT_CONVERSION = YES;
				CLANG_WARN_OBJC_ROOT_CLASS = YES_ERROR;
				CLANG_WARN_SUSPICIOUS_MOVE = YES;
				CLANG_WARN_UNREACHABLE_CODE = YES;
				CLANG_WARN__DUPLICATE_METHOD_MATCH = YES;
				"CODE_SIGN_IDENTITY[sdk=iphoneos*]" = "iPhone Developer";
				COPY_PHASE_STRIP = NO;
				DEBUG_INFORMATION_FORMAT = dwarf;
				ENABLE_STRICT_OBJC_MSGSEND = YES;
				ENABLE_TESTABILITY = YES;
				GCC_C_LANGUAGE_STANDARD = gnu99;
				GCC_DYNAMIC_NO_PIC = NO;
				GCC_NO_COMMON_BLOCKS = YES;
				GCC_OPTIMIZATION_LEVEL = 0;
				GCC_PREPROCESSOR_DEFINITIONS = (
					"DEBUG=1",
					"$(inherited)",
				);
				GCC_WARN_64_TO_32_BIT_CONVERSION = YES;
				GCC_WARN_ABOUT_RETURN_TYPE = YES_ERROR;
				GCC_WARN_UNDECLARED_SELECTOR = YES;
				GCC_WARN_UNINITIALIZED_AUTOS = YES_AGGRESSIVE;
				GCC_WARN_UNUSED_FUNCTION = YES;
				GCC_WARN_UNUSED_VARIABLE = YES;
				IPHONEOS_DEPLOYMENT_TARGET = 10.2;
				MTL_ENABLE_DEBUG_INFO = YES;
				ONLY_ACTIVE_ARCH = YES;
				SDKROOT = iphoneos;
				SWIFT_ACTIVE_COMPILATION_CONDITIONS = DEBUG;
				SWIFT_OPTIMIZATION_LEVEL = "-Onone";
				TARGETED_DEVICE_FAMILY = "1,2";
			};
			name = Debug;
		};
		D91052451EE5C741006E30B9 /* Release */ = {
			isa = XCBuildConfiguration;
			buildSettings = {
				ALWAYS_SEARCH_USER_PATHS = NO;
				CLANG_ANALYZER_NONNULL = YES;
				CLANG_CXX_LANGUAGE_STANDARD = "gnu++0x";
				CLANG_CXX_LIBRARY = "libc++";
				CLANG_ENABLE_MODULES = YES;
				CLANG_ENABLE_OBJC_ARC = YES;
				CLANG_WARN_BOOL_CONVERSION = YES;
				CLANG_WARN_CONSTANT_CONVERSION = YES;
				CLANG_WARN_DIRECT_OBJC_ISA_USAGE = YES_ERROR;
				CLANG_WARN_DOCUMENTATION_COMMENTS = YES;
				CLANG_WARN_EMPTY_BODY = YES;
				CLANG_WARN_ENUM_CONVERSION = YES;
				CLANG_WARN_INFINITE_RECURSION = YES;
				CLANG_WARN_INT_CONVERSION = YES;
				CLANG_WARN_OBJC_ROOT_CLASS = YES_ERROR;
				CLANG_WARN_SUSPICIOUS_MOVE = YES;
				CLANG_WARN_UNREACHABLE_CODE = YES;
				CLANG_WARN__DUPLICATE_METHOD_MATCH = YES;
				"CODE_SIGN_IDENTITY[sdk=iphoneos*]" = "iPhone Developer";
				COPY_PHASE_STRIP = NO;
				DEBUG_INFORMATION_FORMAT = "dwarf-with-dsym";
				ENABLE_NS_ASSERTIONS = NO;
				ENABLE_STRICT_OBJC_MSGSEND = YES;
				GCC_C_LANGUAGE_STANDARD = gnu99;
				GCC_NO_COMMON_BLOCKS = YES;
				GCC_WARN_64_TO_32_BIT_CONVERSION = YES;
				GCC_WARN_ABOUT_RETURN_TYPE = YES_ERROR;
				GCC_WARN_UNDECLARED_SELECTOR = YES;
				GCC_WARN_UNINITIALIZED_AUTOS = YES_AGGRESSIVE;
				GCC_WARN_UNUSED_FUNCTION = YES;
				GCC_WARN_UNUSED_VARIABLE = YES;
				IPHONEOS_DEPLOYMENT_TARGET = 10.2;
				MTL_ENABLE_DEBUG_INFO = NO;
				SDKROOT = iphoneos;
				SWIFT_OPTIMIZATION_LEVEL = "-Owholemodule";
				TARGETED_DEVICE_FAMILY = "1,2";
				VALIDATE_PRODUCT = YES;
			};
			name = Release;
		};
		D91052471EE5C741006E30B9 /* Debug */ = {
			isa = XCBuildConfiguration;
			buildSettings = {
				ASSETCATALOG_COMPILER_APPICON_NAME = AppIcon;
				INFOPLIST_FILE = SaveTheKittensButNotTheUglyOnes/Info.plist;
				LD_RUNPATH_SEARCH_PATHS = "$(inherited) @executable_path/Frameworks";
				PRODUCT_BUNDLE_IDENTIFIER = Codelab.SaveTheKittensButNotTheUglyOnes;
				PRODUCT_NAME = "$(TARGET_NAME)";
				SWIFT_VERSION = 3.0;
			};
			name = Debug;
		};
		D91052481EE5C741006E30B9 /* Release */ = {
			isa = XCBuildConfiguration;
			buildSettings = {
				ASSETCATALOG_COMPILER_APPICON_NAME = AppIcon;
				INFOPLIST_FILE = SaveTheKittensButNotTheUglyOnes/Info.plist;
				LD_RUNPATH_SEARCH_PATHS = "$(inherited) @executable_path/Frameworks";
				PRODUCT_BUNDLE_IDENTIFIER = Codelab.SaveTheKittensButNotTheUglyOnes;
				PRODUCT_NAME = "$(TARGET_NAME)";
				SWIFT_VERSION = 3.0;
			};
			name = Release;
		};
/* End XCBuildConfiguration section */

/* Begin XCConfigurationList section */
		D910522F1EE5C741006E30B9 /* Build configuration list for PBXProject "SaveTheKittensButNotTheUglyOnes" */ = {
			isa = XCConfigurationList;
			buildConfigurations = (
				D91052441EE5C741006E30B9 /* Debug */,
				D91052451EE5C741006E30B9 /* Release */,
			);
			defaultConfigurationIsVisible = 0;
			defaultConfigurationName = Release;
		};
		D91052461EE5C741006E30B9 /* Build configuration list for PBXNativeTarget "SaveTheKittensButNotTheUglyOnes" */ = {
			isa = XCConfigurationList;
			buildConfigurations = (
				D91052471EE5C741006E30B9 /* Debug */,
				D91052481EE5C741006E30B9 /* Release */,
			);
			defaultConfigurationIsVisible = 0;
		};
/* End XCConfigurationList section */
	};
	rootObject = D910522C1EE5C741006E30B9 /* Project object */;
}
